
Microsoft Visual Studio Solution File, Format Version 12.00
# Visual Studio Version 17
VisualStudioVersion = 17.9.34728.123
MinimumVisualStudioVersion = 10.0.40219.1
Project("{9A19103F-16F7-4668-BE54-9A1E7A4F7556}") = "desafio.intelitrader.navio", "desafio.intelitrader.navio\desafio.intelitrader.navio.csproj", "{D0BC45C9-AB53-4E90-9FA9-A1948F21F9E4}"
EndProject
Project("{FAE04EC0-301F-11D3-BF4B-00C04F79EFBC}") = "desafio.intelitrader.distancia", "desafio.intelitrader.distancia\desafio.intelitrader.distancia.csproj", "{E8B2D3E6-BFA9-400D-9E74-7A8392364369}"
EndProject
Global
	GlobalSection(SolutionConfigurationPlatforms) = preSolution
		Debug|Any CPU = Debug|Any CPU
		Release|Any CPU = Release|Any CPU
	EndGlobalSection
	GlobalSection(ProjectConfigurationPlatforms) = postSolution
		{D0BC45C9-AB53-4E90-9FA9-A1948F21F9E4}.Debug|Any CPU.ActiveCfg = Debug|Any CPU
		{D0BC45C9-AB53-4E90-9FA9-A1948F21F9E4}.Debug|Any CPU.Build.0 = Debug|Any CPU
		{D0BC45C9-AB53-4E90-9FA9-A1948F21F9E4}.Release|Any CPU.ActiveCfg = Release|Any CPU
		{D0BC45C9-AB53-4E90-9FA9-A1948F21F9E4}.Release|Any CPU.Build.0 = Release|Any CPU
		{E8B2D3E6-BFA9-400D-9E74-7A8392364369}.Debug|Any CPU.ActiveCfg = Debug|Any CPU
		{E8B2D3E6-BFA9-400D-9E74-7A8392364369}.Debug|Any CPU.Build.0 = Debug|Any CPU
		{E8B2D3E6-BFA9-400D-9E74-7A8392364369}.Release|Any CPU.ActiveCfg = Release|Any CPU
		{E8B2D3E6-BFA9-400D-9E74-7A8392364369}.Release|Any CPU.Build.0 = Release|Any CPU
	EndGlobalSection
	GlobalSection(SolutionProperties) = preSolution
		HideSolutionNode = FALSE
	EndGlobalSection
	GlobalSection(ExtensibilityGlobals) = postSolution
		SolutionGuid = {43F1E441-7761-415E-B2DA-6DF76D0DDA7A}
	EndGlobalSection
EndGlobal
